
Microsoft Visual Studio Solution File, Format Version 12.00
# Visual Studio Version 17
VisualStudioVersion = 17.10.35013.160
MinimumVisualStudioVersion = 10.0.40219.1
Project("{FAE04EC0-301F-11D3-BF4B-00C04F79EFBC}") = "AngularApp1.Server", "AngularApp1.Server\AngularApp1.Server.csproj", "{6BB73700-798D-408B-9DAB-C7B4B4517916}"
EndProject
Project("{54A90642-561A-4BB1-A94E-469ADEE60C69}") = "angularapp1.client", "angularapp1.client\angularapp1.client.esproj", "{8722E96A-5D6D-4764-93A2-ACE4BC393416}"
EndProject
Global
	GlobalSection(SolutionConfigurationPlatforms) = preSolution
		Debug|Any CPU = Debug|Any CPU
		Release|Any CPU = Release|Any CPU
	EndGlobalSection
	GlobalSection(ProjectConfigurationPlatforms) = postSolution
		{6BB73700-798D-408B-9DAB-C7B4B4517916}.Debug|Any CPU.ActiveCfg = Debug|Any CPU
		{6BB73700-798D-408B-9DAB-C7B4B4517916}.Debug|Any CPU.Build.0 = Debug|Any CPU
		{6BB73700-798D-408B-9DAB-C7B4B4517916}.Release|Any CPU.ActiveCfg = Release|Any CPU
		{6BB73700-798D-408B-9DAB-C7B4B4517916}.Release|Any CPU.Build.0 = Release|Any CPU
		{8722E96A-5D6D-4764-93A2-ACE4BC393416}.Debug|Any CPU.ActiveCfg = Debug|Any CPU
		{8722E96A-5D6D-4764-93A2-ACE4BC393416}.Debug|Any CPU.Build.0 = Debug|Any CPU
		{8722E96A-5D6D-4764-93A2-ACE4BC393416}.Debug|Any CPU.Deploy.0 = Debug|Any CPU
		{8722E96A-5D6D-4764-93A2-ACE4BC393416}.Release|Any CPU.ActiveCfg = Release|Any CPU
		{8722E96A-5D6D-4764-93A2-ACE4BC393416}.Release|Any CPU.Build.0 = Release|Any CPU
		{8722E96A-5D6D-4764-93A2-ACE4BC393416}.Release|Any CPU.Deploy.0 = Release|Any CPU
	EndGlobalSection
	GlobalSection(SolutionProperties) = preSolution
		HideSolutionNode = FALSE
	EndGlobalSection
	GlobalSection(ExtensibilityGlobals) = postSolution
		SolutionGuid = {42EC6EE5-E68F-48D1-84DE-8D5A4699F57B}
	EndGlobalSection
EndGlobal
